github.com/adityatelange/hugo-PaperMod v0.0.0-20220709143932-c0b7ea5f4ba9 h1:7ZGS46fyS72AGDeweWJCPTGlbNUDZqhDkgTNQokZSlo=
github.com/adityatelange/hugo-PaperMod v0.0.0-20220709143932-c0b7ea5f4ba9/go.mod h1:HCHxNMKYdGafUYjVV3ICiAqznZK2yH0iI53jqcDFDdQ=
github.com/adityatelange/hugo-PaperMod v0.0.0-20220815135555-eba92edd83ac h1:Bn67Dilwv8ct2/C/svo1DS9RK3k/LUpuvMuPGuXxmVw=
github.com/adityatelange/hugo-PaperMod v0.0.0-20220815135555-eba92edd83ac/go.mod h1:HCHxNMKYdGafUYjVV3ICiAqznZK2yH0iI53jqcDFDdQ=
